// !$*UTF8*$!
{
	archiveVersion = 1;
	classes = {
	};
	objectVersion = 46;
	objects = {

/* Begin PBXBuildFile section */
		DE0D693F15A320DC0040318C /* UIKit.framework in Frameworks */ = {isa = PBXBuildFile; fileRef = DE0D693E15A320DC0040318C /* UIKit.framework */; };
		DE0D694115A320DC0040318C /* Foundation.framework in Frameworks */ = {isa = PBXBuildFile; fileRef = DE0D694015A320DC0040318C /* Foundation.framework */; };
		DE0D694315A320DC0040318C /* CoreGraphics.framework in Frameworks */ = {isa = PBXBuildFile; fileRef = DE0D694215A320DC0040318C /* CoreGraphics.framework */; };
		DE0D694915A320DC0040318C /* InfoPlist.strings in Resources */ = {isa = PBXBuildFile; fileRef = DE0D694715A320DC0040318C /* InfoPlist.strings */; };
		DE0D694B15A320DC0040318C /* main.m in Sources */ = {isa = PBXBuildFile; fileRef = DE0D694A15A320DC0040318C /* main.m */; };
		DE0D694F15A320DC0040318C /* AppDelegate.m in Sources */ = {isa = PBXBuildFile; fileRef = DE0D694E15A320DC0040318C /* AppDelegate.m */; };
		DE0D695215A320DC0040318C /* ViewController.m in Sources */ = {isa = PBXBuildFile; fileRef = DE0D695115A320DC0040318C /* ViewController.m */; };
		DE0D695515A320DC0040318C /* ViewController.xib in Resources */ = {isa = PBXBuildFile; fileRef = DE0D695315A320DC0040318C /* ViewController.xib */; };
		DE0D695E15A321A60040318C /* MyViewController.m in Sources */ = {isa = PBXBuildFile; fileRef = DE0D695C15A321A60040318C /* MyViewController.m */; };
		DE0D695F15A321A60040318C /* MyViewController.xib in Resources */ = {isa = PBXBuildFile; fileRef = DE0D695D15A321A60040318C /* MyViewController.xib */; };
		DE0D6C2915A707530040318C /* OperationsRunner.m in Sources */ = {isa = PBXBuildFile; fileRef = DE0D6C2615A707530040318C /* OperationsRunner.m */; };
		DE0D6C2A15A707530040318C /* WebFetcher.m in Sources */ = {isa = PBXBuildFile; fileRef = DE0D6C2815A707530040318C /* WebFetcher.m */; };
		DE2519EF15AF70DD0073D58D /* README.txt in Resources */ = {isa = PBXBuildFile; fileRef = DE2519EE15AF70DD0073D58D /* README.txt */; };
		DE251A0915AF73940073D58D /* ConcurrentOperation.m in Sources */ = {isa = PBXBuildFile; fileRef = DE251A0815AF73940073D58D /* ConcurrentOperation.m */; };
		DEE915FB172570090085F570 /* Default-568h@2x.png in Resources */ = {isa = PBXBuildFile; fileRef = DEE915F8172570090085F570 /* Default-568h@2x.png */; };
		DEE915FC172570090085F570 /* Default.png in Resources */ = {isa = PBXBuildFile; fileRef = DEE915F9172570090085F570 /* Default.png */; };
		DEE915FD172570090085F570 /* Default@2x.png in Resources */ = {isa = PBXBuildFile; fileRef = DEE915FA172570090085F570 /* Default@2x.png */; };
		DEE91600172570190085F570 /* URfetcher.m in Sources */ = {isa = PBXBuildFile; fileRef = DEE915FF172570190085F570 /* URfetcher.m */; };
/* End PBXBuildFile section */

/* Begin PBXFileReference section */
		DE0D693A15A320DC0040318C /* NSOperation-WebFetches-MadeEasy.app */ = {isa = PBXFileReference; explicitFileType = wrapper.application; includeInIndex = 0; path = "NSOperation-WebFetches-MadeEasy.app"; sourceTree = BUILT_PRODUCTS_DIR; };
		DE0D693E15A320DC0040318C /* UIKit.framework */ = {isa = PBXFileReference; lastKnownFileType = wrapper.framework; name = UIKit.framework; path = System/Library/Frameworks/UIKit.framework; sourceTree = SDKROOT; };
		DE0D694015A320DC0040318C /* Foundation.framework */ = {isa = PBXFileReference; lastKnownFileType = wrapper.framework; name = Foundation.framework; path = System/Library/Frameworks/Foundation.framework; sourceTree = SDKROOT; };
		DE0D694215A320DC0040318C /* CoreGraphics.framework */ = {isa = PBXFileReference; lastKnownFileType = wrapper.framework; name = CoreGraphics.framework; path = System/Library/Frameworks/CoreGraphics.framework; sourceTree = SDKROOT; };
		DE0D694615A320DC0040318C /* NSOperation-WebFetches-MadeEasy-Info.plist */ = {isa = PBXFileReference; lastKnownFileType = text.plist.xml; path = "NSOperation-WebFetches-MadeEasy-Info.plist"; sourceTree = "<group>"; };
		DE0D694815A320DC0040318C /* en */ = {isa = PBXFileReference; lastKnownFileType = text.plist.strings; name = en; path = en.lproj/InfoPlist.strings; sourceTree = "<group>"; };
		DE0D694A15A320DC0040318C /* main.m */ = {isa = PBXFileReference; lastKnownFileType = sourcecode.c.objc; path = main.m; sourceTree = "<group>"; };
		DE0D694C15A320DC0040318C /* NSOperation-WebFetches-MadeEasy-Prefix.pch */ = {isa = PBXFileReference; lastKnownFileType = sourcecode.c.h; path = "NSOperation-WebFetches-MadeEasy-Prefix.pch"; sourceTree = "<group>"; };
		DE0D694D15A320DC0040318C /* AppDelegate.h */ = {isa = PBXFileReference; lastKnownFileType = sourcecode.c.h; path = AppDelegate.h; sourceTree = "<group>"; };
		DE0D694E15A320DC0040318C /* AppDelegate.m */ = {isa = PBXFileReference; lastKnownFileType = sourcecode.c.objc; path = AppDelegate.m; sourceTree = "<group>"; };
		DE0D695015A320DC0040318C /* ViewController.h */ = {isa = PBXFileReference; lastKnownFileType = sourcecode.c.h; path = ViewController.h; sourceTree = "<group>"; };
		DE0D695115A320DC0040318C /* ViewController.m */ = {isa = PBXFileReference; lastKnownFileType = sourcecode.c.objc; path = ViewController.m; sourceTree = "<group>"; };
		DE0D695415A320DC0040318C /* en */ = {isa = PBXFileReference; lastKnownFileType = file.xib; name = en; path = en.lproj/ViewController.xib; sourceTree = "<group>"; };
		DE0D695B15A321A60040318C /* MyViewController.h */ = {isa = PBXFileReference; fileEncoding = 4; lastKnownFileType = sourcecode.c.h; path = MyViewController.h; sourceTree = "<group>"; };
		DE0D695C15A321A60040318C /* MyViewController.m */ = {isa = PBXFileReference; fileEncoding = 4; lastKnownFileType = sourcecode.c.objc; path = MyViewController.m; sourceTree = "<group>"; };
		DE0D695D15A321A60040318C /* MyViewController.xib */ = {isa = PBXFileReference; fileEncoding = 4; lastKnownFileType = file.xib; path = MyViewController.xib; sourceTree = "<group>"; };
		DE0D6C2515A707530040318C /* OperationsRunner.h */ = {isa = PBXFileReference; fileEncoding = 4; lastKnownFileType = sourcecode.c.h; path = OperationsRunner.h; sourceTree = "<group>"; };
		DE0D6C2615A707530040318C /* OperationsRunner.m */ = {isa = PBXFileReference; fileEncoding = 4; lastKnownFileType = sourcecode.c.objc; path = OperationsRunner.m; sourceTree = "<group>"; };
		DE0D6C2715A707530040318C /* WebFetcher.h */ = {isa = PBXFileReference; fileEncoding = 4; lastKnownFileType = sourcecode.c.h; path = WebFetcher.h; sourceTree = "<group>"; };
		DE0D6C2815A707530040318C /* WebFetcher.m */ = {isa = PBXFileReference; fileEncoding = 4; lastKnownFileType = sourcecode.c.objc; path = WebFetcher.m; sourceTree = "<group>"; };
		DE0D6C2B15A707940040318C /* OperationsRunnerProtocol.h */ = {isa = PBXFileReference; fileEncoding = 4; lastKnownFileType = sourcecode.c.h; path = OperationsRunnerProtocol.h; sourceTree = "<group>"; };
		DE2519EE15AF70DD0073D58D /* README.txt */ = {isa = PBXFileReference; fileEncoding = 4; lastKnownFileType = text; name = README.txt; path = ../README.txt; sourceTree = "<group>"; };
		DE251A0715AF73940073D58D /* ConcurrentOperation.h */ = {isa = PBXFileReference; fileEncoding = 4; lastKnownFileType = sourcecode.c.h; path = ConcurrentOperation.h; sourceTree = "<group>"; };
		DE251A0815AF73940073D58D /* ConcurrentOperation.m */ = {isa = PBXFileReference; fileEncoding = 4; lastKnownFileType = sourcecode.c.objc; path = ConcurrentOperation.m; sourceTree = "<group>"; };
		DEE915F8172570090085F570 /* Default-568h@2x.png */ = {isa = PBXFileReference; lastKnownFileType = image.png; path = "Default-568h@2x.png"; sourceTree = "<group>"; };
		DEE915F9172570090085F570 /* Default.png */ = {isa = PBXFileReference; lastKnownFileType = image.png; path = Default.png; sourceTree = "<group>"; };
		DEE915FA172570090085F570 /* Default@2x.png */ = {isa = PBXFileReference; lastKnownFileType = image.png; path = "Default@2x.png"; sourceTree = "<group>"; };
		DEE915FE172570190085F570 /* URfetcher.h */ = {isa = PBXFileReference; fileEncoding = 4; lastKnownFileType = sourcecode.c.h; path = URfetcher.h; sourceTree = "<group>"; };
		DEE915FF172570190085F570 /* URfetcher.m */ = {isa = PBXFileReference; fileEncoding = 4; lastKnownFileType = sourcecode.c.objc; path = URfetcher.m; sourceTree = "<group>"; };
/* End PBXFileReference section */

/* Begin PBXFrameworksBuildPhase section */
		DE0D693715A320DC0040318C /* Frameworks */ = {
			isa = PBXFrameworksBuildPhase;
			buildActionMask = 2147483647;
			files = (
				DE0D693F15A320DC0040318C /* UIKit.framework in Frameworks */,
				DE0D694115A320DC0040318C /* Foundation.framework in Frameworks */,
				DE0D694315A320DC0040318C /* CoreGraphics.framework in Frameworks */,
			);
			runOnlyForDeploymentPostprocessing = 0;
		};
/* End PBXFrameworksBuildPhase section */

/* Begin PBXGroup section */
		DE0D692F15A320DC0040318C = {
			isa = PBXGroup;
			children = (
				DE2519EE15AF70DD0073D58D /* README.txt */,
				DE0D694415A320DC0040318C /* NSOperation-WebFetches-MadeEasy */,
				DE0D693D15A320DC0040318C /* Frameworks */,
				DE0D693B15A320DC0040318C /* Products */,
			);
			sourceTree = "<group>";
		};
		DE0D693B15A320DC0040318C /* Products */ = {
			isa = PBXGroup;
			children = (
				DE0D693A15A320DC0040318C /* NSOperation-WebFetches-MadeEasy.app */,
			);
			name = Products;
			sourceTree = "<group>";
		};
		DE0D693D15A320DC0040318C /* Frameworks */ = {
			isa = PBXGroup;
			children = (
				DE0D693E15A320DC0040318C /* UIKit.framework */,
				DE0D694015A320DC0040318C /* Foundation.framework */,
				DE0D694215A320DC0040318C /* CoreGraphics.framework */,
			);
			name = Frameworks;
			sourceTree = "<group>";
		};
		DE0D694415A320DC0040318C /* NSOperation-WebFetches-MadeEasy */ = {
			isa = PBXGroup;
			children = (
				DE0D6C2315A707270040318C /* WhatYouNeed */,
				DE0D694D15A320DC0040318C /* AppDelegate.h */,
				DE0D694E15A320DC0040318C /* AppDelegate.m */,
				DE0D695015A320DC0040318C /* ViewController.h */,
				DE0D695115A320DC0040318C /* ViewController.m */,
				DE0D695315A320DC0040318C /* ViewController.xib */,
				DE0D695B15A321A60040318C /* MyViewController.h */,
				DE0D695C15A321A60040318C /* MyViewController.m */,
				DE0D695D15A321A60040318C /* MyViewController.xib */,
				DE0D694515A320DC0040318C /* Supporting Files */,
			);
			path = "NSOperation-WebFetches-MadeEasy";
			sourceTree = "<group>";
		};
		DE0D694515A320DC0040318C /* Supporting Files */ = {
			isa = PBXGroup;
			children = (
				DEE915F8172570090085F570 /* Default-568h@2x.png */,
				DEE915F9172570090085F570 /* Default.png */,
				DEE915FA172570090085F570 /* Default@2x.png */,
				DE0D694715A320DC0040318C /* InfoPlist.strings */,
				DE0D694A15A320DC0040318C /* main.m */,
				DE0D694615A320DC0040318C /* NSOperation-WebFetches-MadeEasy-Info.plist */,
				DE0D694C15A320DC0040318C /* NSOperation-WebFetches-MadeEasy-Prefix.pch */,
			);
			name = "Supporting Files";
			sourceTree = "<group>";
		};
		DE0D6C2315A707270040318C /* WhatYouNeed */ = {
			isa = PBXGroup;
			children = (
				DE251A0715AF73940073D58D /* ConcurrentOperation.h */,
				DE251A0815AF73940073D58D /* ConcurrentOperation.m */,
				DE0D6C2B15A707940040318C /* OperationsRunnerProtocol.h */,
				DE0D6C2515A707530040318C /* OperationsRunner.h */,
				DE0D6C2615A707530040318C /* OperationsRunner.m */,
				DEE915FE172570190085F570 /* URfetcher.h */,
				DEE915FF172570190085F570 /* URfetcher.m */,
				DE0D6C2715A707530040318C /* WebFetcher.h */,
				DE0D6C2815A707530040318C /* WebFetcher.m */,
			);
			path = WhatYouNeed;
			sourceTree = SOURCE_ROOT;
		};
/* End PBXGroup section */

/* Begin PBXNativeTarget section */
		DE0D693915A320DC0040318C /* NSOperation-WebFetches-MadeEasy */ = {
			isa = PBXNativeTarget;
			buildConfigurationList = DE0D695815A320DC0040318C /* Build configuration list for PBXNativeTarget "NSOperation-WebFetches-MadeEasy" */;
			buildPhases = (
				DE0D693615A320DC0040318C /* Sources */,
				DE0D693715A320DC0040318C /* Frameworks */,
				DE0D693815A320DC0040318C /* Resources */,
			);
			buildRules = (
			);
			dependencies = (
			);
			name = "NSOperation-WebFetches-MadeEasy";
			productName = "NSOperation-WebFetches-MadeEasy";
			productReference = DE0D693A15A320DC0040318C /* NSOperation-WebFetches-MadeEasy.app */;
			productType = "com.apple.product-type.application";
		};
/* End PBXNativeTarget section */

/* Begin PBXProject section */
		DE0D693115A320DC0040318C /* Project object */ = {
			isa = PBXProject;
			attributes = {
				LastUpgradeCheck = 0460;
			};
			buildConfigurationList = DE0D693415A320DC0040318C /* Build configuration list for PBXProject "NSOperation-WebFetches-MadeEasy" */;
			compatibilityVersion = "Xcode 3.2";
			developmentRegion = English;
			hasScannedForEncodings = 0;
			knownRegions = (
				en,
			);
			mainGroup = DE0D692F15A320DC0040318C;
			productRefGroup = DE0D693B15A320DC0040318C /* Products */;
			projectDirPath = "";
			projectRoot = "";
			targets = (
				DE0D693915A320DC0040318C /* NSOperation-WebFetches-MadeEasy */,
			);
		};
/* End PBXProject section */

/* Begin PBXResourcesBuildPhase section */
		DE0D693815A320DC0040318C /* Resources */ = {
			isa = PBXResourcesBuildPhase;
			buildActionMask = 2147483647;
			files = (
				DE0D694915A320DC0040318C /* InfoPlist.strings in Resources */,
				DE0D695515A320DC0040318C /* ViewController.xib in Resources */,
				DE0D695F15A321A60040318C /* MyViewController.xib in Resources */,
				DE2519EF15AF70DD0073D58D /* README.txt in Resources */,
				DEE915FB172570090085F570 /* Default-568h@2x.png in Resources */,
				DEE915FC172570090085F570 /* Default.png in Resources */,
				DEE915FD172570090085F570 /* Default@2x.png in Resources */,
			);
			runOnlyForDeploymentPostprocessing = 0;
		};
/* End PBXResourcesBuildPhase section */

/* Begin PBXSourcesBuildPhase section */
		DE0D693615A320DC0040318C /* Sources */ = {
			isa = PBXSourcesBuildPhase;
			buildActionMask = 2147483647;
			files = (
				DE0D694B15A320DC0040318C /* main.m in Sources */,
				DE0D694F15A320DC0040318C /* AppDelegate.m in Sources */,
				DE0D695215A320DC0040318C /* ViewController.m in Sources */,
				DE0D695E15A321A60040318C /* MyViewController.m in Sources */,
				DE0D6C2915A707530040318C /* OperationsRunner.m in Sources */,
				DE0D6C2A15A707530040318C /* WebFetcher.m in Sources */,
				DE251A0915AF73940073D58D /* ConcurrentOperation.m in Sources */,
				DEE91600172570190085F570 /* URfetcher.m in Sources */,
			);
			runOnlyForDeploymentPostprocessing = 0;
		};
/* End PBXSourcesBuildPhase section */

/* Begin PBXVariantGroup section */
		DE0D694715A320DC0040318C /* InfoPlist.strings */ = {
			isa = PBXVariantGroup;
			children = (
				DE0D694815A320DC0040318C /* en */,
			);
			name = InfoPlist.strings;
			sourceTree = "<group>";
		};
		DE0D695315A320DC0040318C /* ViewController.xib */ = {
			isa = PBXVariantGroup;
			children = (
				DE0D695415A320DC0040318C /* en */,
			);
			name = ViewController.xib;
			sourceTree = "<group>";
		};
/* End PBXVariantGroup section */

/* Begin XCBuildConfiguration section */
		DE0D695615A320DC0040318C /* Debug */ = {
			isa = XCBuildConfiguration;
			buildSettings = {
				ALWAYS_SEARCH_USER_PATHS = NO;
				ARCHS = "$(ARCHS_STANDARD_32_BIT)";
				CLANG_ENABLE_OBJC_ARC = YES;
				CLANG_WARN_CONSTANT_CONVERSION = YES;
				CLANG_WARN_ENUM_CONVERSION = YES;
				CLANG_WARN_INT_CONVERSION = YES;
				CLANG_WARN__DUPLICATE_METHOD_MATCH = YES;
				"CODE_SIGN_IDENTITY[sdk=iphoneos*]" = "iPhone Developer";
				COPY_PHASE_STRIP = NO;
				GCC_C_LANGUAGE_STANDARD = gnu99;
				GCC_DYNAMIC_NO_PIC = NO;
				GCC_OPTIMIZATION_LEVEL = 0;
				GCC_PREPROCESSOR_DEFINITIONS = (
					"DEBUG=1",
					"$(inherited)",
				);
				GCC_SYMBOLS_PRIVATE_EXTERN = NO;
				GCC_VERSION = com.apple.compilers.llvm.clang.1_0;
				GCC_WARN_ABOUT_RETURN_TYPE = YES;
				GCC_WARN_UNINITIALIZED_AUTOS = YES;
				GCC_WARN_UNUSED_VARIABLE = YES;
				IPHONEOS_DEPLOYMENT_TARGET = 5.0;
				SDKROOT = iphoneos;
			};
			name = Debug;
		};
		DE0D695715A320DC0040318C /* Release */ = {
			isa = XCBuildConfiguration;
			buildSettings = {
				ALWAYS_SEARCH_USER_PATHS = NO;
				ARCHS = "$(ARCHS_STANDARD_32_BIT)";
				CLANG_ENABLE_OBJC_ARC = YES;
				CLANG_WARN_CONSTANT_CONVERSION = YES;
				CLANG_WARN_ENUM_CONVERSION = YES;
				CLANG_WARN_INT_CONVERSION = YES;
				CLANG_WARN__DUPLICATE_METHOD_MATCH = YES;
				"CODE_SIGN_IDENTITY[sdk=iphoneos*]" = "iPhone Developer";
				COPY_PHASE_STRIP = YES;
				GCC_C_LANGUAGE_STANDARD = gnu99;
				GCC_VERSION = com.apple.compilers.llvm.clang.1_0;
				GCC_WARN_ABOUT_RETURN_TYPE = YES;
				GCC_WARN_UNINITIALIZED_AUTOS = YES;
				GCC_WARN_UNUSED_VARIABLE = YES;
				IPHONEOS_DEPLOYMENT_TARGET = 5.0;
				OTHER_CFLAGS = "-DNS_BLOCK_ASSERTIONS=1";
				SDKROOT = iphoneos;
				VALIDATE_PRODUCT = YES;
			};
			name = Release;
		};
		DE0D695915A320DC0040318C /* Debug */ = {
			isa = XCBuildConfiguration;
			buildSettings = {
				GCC_PRECOMPILE_PREFIX_HEADER = YES;
				GCC_PREFIX_HEADER = "NSOperation-WebFetches-MadeEasy/NSOperation-WebFetches-MadeEasy-Prefix.pch";
				INFOPLIST_FILE = "NSOperation-WebFetches-MadeEasy/NSOperation-WebFetches-MadeEasy-Info.plist";
				PRODUCT_NAME = "$(TARGET_NAME)";
				WRAPPER_EXTENSION = app;
			};
			name = Debug;
		};
		DE0D695A15A320DC0040318C /* Release */ = {
			isa = XCBuildConfiguration;
			buildSettings = {
				GCC_PRECOMPILE_PREFIX_HEADER = YES;
				GCC_PREFIX_HEADER = "NSOperation-WebFetches-MadeEasy/NSOperation-WebFetches-MadeEasy-Prefix.pch";
				INFOPLIST_FILE = "NSOperation-WebFetches-MadeEasy/NSOperation-WebFetches-MadeEasy-Info.plist";
				PRODUCT_NAME = "$(TARGET_NAME)";
				WRAPPER_EXTENSION = app;
			};
			name = Release;
		};
/* End XCBuildConfiguration section */

/* Begin XCConfigurationList section */
		DE0D693415A320DC0040318C /* Build configuration list for PBXProject "NSOperation-WebFetches-MadeEasy" */ = {
			isa = XCConfigurationList;
			buildConfigurations = (
				DE0D695615A320DC0040318C /* Debug */,
				DE0D695715A320DC0040318C /* Release */,
			);
			defaultConfigurationIsVisible = 0;
			defaultConfigurationName = Release;
		};
		DE0D695815A320DC0040318C /* Build configuration list for PBXNativeTarget "NSOperation-WebFetches-MadeEasy" */ = {
			isa = XCConfigurationList;
			buildConfigurations = (
				DE0D695915A320DC0040318C /* Debug */,
				DE0D695A15A320DC0040318C /* Release */,
			);
			defaultConfigurationIsVisible = 0;
			defaultConfigurationName = Release;
		};
/* End XCConfigurationList section */
	};
	rootObject = DE0D693115A320DC0040318C /* Project object */;
}
